
Microsoft Visual Studio Solution File, Format Version 12.00
# Visual Studio Version 16
VisualStudioVersion = 16.0.31702.278
MinimumVisualStudioVersion = 10.0.40219.1
Project("{FAE04EC0-301F-11D3-BF4B-00C04F79EFBC}") = "WindowsFormsVisitPrague", "WindowsFormsVisitPrague\WindowsFormsVisitPrague.csproj", "{DCA83645-D464-4EEF-8CDE-72FD94A42A87}"
EndProject
Global
	GlobalSection(SolutionConfigurationPlatforms) = preSolution
		Debug|Any CPU = Debug|Any CPU
		Release|Any CPU = Release|Any CPU
	EndGlobalSection
	GlobalSection(ProjectConfigurationPlatforms) = postSolution
		{DCA83645-D464-4EEF-8CDE-72FD94A42A87}.Debug|Any CPU.ActiveCfg = Debug|Any CPU
		{DCA83645-D464-4EEF-8CDE-72FD94A42A87}.Debug|Any CPU.Build.0 = Debug|Any CPU
		{DCA83645-D464-4EEF-8CDE-72FD94A42A87}.Release|Any CPU.ActiveCfg = Release|Any CPU
		{DCA83645-D464-4EEF-8CDE-72FD94A42A87}.Release|Any CPU.Build.0 = Release|Any CPU
	EndGlobalSection
	GlobalSection(SolutionProperties) = preSolution
		HideSolutionNode = FALSE
	EndGlobalSection
	GlobalSection(ExtensibilityGlobals) = postSolution
		SolutionGuid = {4B1490A7-D9D1-4642-A9D4-3B08D7A51178}
	EndGlobalSection
EndGlobal
